
Microsoft Visual Studio Solution File, Format Version 12.00
# Visual Studio Version 17
VisualStudioVersion = 17.8.34330.188
MinimumVisualStudioVersion = 10.0.40219.1
Project("{9A19103F-16F7-4668-BE54-9A1E7A4F7556}") = "azure-openai-quickstart", "azure-openai-quickstart.csproj", "{CF80C3FD-1356-462C-A5D5-AC6B256BD4FF}"
EndProject
Global
	GlobalSection(SolutionConfigurationPlatforms) = preSolution
		Debug|Any CPU = Debug|Any CPU
		Release|Any CPU = Release|Any CPU
	EndGlobalSection
	GlobalSection(ProjectConfigurationPlatforms) = postSolution
		{CF80C3FD-1356-462C-A5D5-AC6B256BD4FF}.Debug|Any CPU.ActiveCfg = Debug|Any CPU
		{CF80C3FD-1356-462C-A5D5-AC6B256BD4FF}.Debug|Any CPU.Build.0 = Debug|Any CPU
		{CF80C3FD-1356-462C-A5D5-AC6B256BD4FF}.Release|Any CPU.ActiveCfg = Release|Any CPU
		{CF80C3FD-1356-462C-A5D5-AC6B256BD4FF}.Release|Any CPU.Build.0 = Release|Any CPU
	EndGlobalSection
	GlobalSection(SolutionProperties) = preSolution
		HideSolutionNode = FALSE
	EndGlobalSection
	GlobalSection(ExtensibilityGlobals) = postSolution
		SolutionGuid = {2866EB8E-E4D7-409C-9A7B-046705BB5834}
	EndGlobalSection
EndGlobal
